
Microsoft Visual Studio Solution File, Format Version 12.00
# Visual Studio Version 17
VisualStudioVersion = 17.0.32014.148
MinimumVisualStudioVersion = 10.0.40219.1
Project("{8BC9CEB8-8B4A-11D0-8D11-00A0C91BC942}") = "Program0.2", "Program0.2.vcxproj", "{884DABB2-2511-4715-B15B-FAD000D152FB}"
EndProject
Global
	GlobalSection(SolutionConfigurationPlatforms) = preSolution
		Debug|x64 = Debug|x64
		Debug|x86 = Debug|x86
		Release|x64 = Release|x64
		Release|x86 = Release|x86
	EndGlobalSection
	GlobalSection(ProjectConfigurationPlatforms) = postSolution
		{884DABB2-2511-4715-B15B-FAD000D152FB}.Debug|x64.ActiveCfg = Debug|x64
		{884DABB2-2511-4715-B15B-FAD000D152FB}.Debug|x64.Build.0 = Debug|x64
		{884DABB2-2511-4715-B15B-FAD000D152FB}.Debug|x86.ActiveCfg = Debug|Win32
		{884DABB2-2511-4715-B15B-FAD000D152FB}.Debug|x86.Build.0 = Debug|Win32
		{884DABB2-2511-4715-B15B-FAD000D152FB}.Release|x64.ActiveCfg = Release|x64
		{884DABB2-2511-4715-B15B-FAD000D152FB}.Release|x64.Build.0 = Release|x64
		{884DABB2-2511-4715-B15B-FAD000D152FB}.Release|x86.ActiveCfg = Release|Win32
		{884DABB2-2511-4715-B15B-FAD000D152FB}.Release|x86.Build.0 = Release|Win32
	EndGlobalSection
	GlobalSection(SolutionProperties) = preSolution
		HideSolutionNode = FALSE
	EndGlobalSection
	GlobalSection(ExtensibilityGlobals) = postSolution
		SolutionGuid = {5DC56DD4-4691-4954-A2A3-357BF2EBB83D}
	EndGlobalSection
EndGlobal
